schema: '2.0'
stages:
  data_cleaning:
    cmd: hrs_env/bin/python src/data/data_cleaning.py
    deps:
    - path: data/raw/Music_Info.csv
      hash: md5
      md5: e63b74919a3cdada5c804df4666391c9
      size: 14985870
    - path: data/raw/User_Listening_History.csv
      hash: md5
      md5: 3a12e713844195171c7040c051d6d4ae
      size: 602515573
    - path: src/data/data_cleaning.py
      hash: md5
      md5: 3516d4b166a3a45650220ddcc651cb47
      size: 9325
    params:
      params.yaml:
        data_cleaning.max_features: 85
    outs:
    - path: data/processed/Music_Info_app.csv
      hash: md5
      md5: db13d72918244501739db28895d9a5a1
      size: 6460077
    - path: data/processed/collab_filtered.csv
      hash: md5
      md5: 7c8dde4c3c639befb11820374727fe05
      size: 9041911
    - path: data/processed/df_cleaned.csv
      hash: md5
      md5: db13d72918244501739db28895d9a5a1
      size: 6460077
    - path: data/processed/df_transformed.npz
      hash: md5
      md5: 021aadc9870a8c0c56a72c6e945a16a6
      size: 4518775
    - path: data/processed/interaction_matrix.npz
      hash: md5
      md5: d5f5b2bc5d7f6cd6e6d21c73a39da5fc
      size: 32311353
    - path: models/song_names.joblib
      hash: md5
      md5: 012a79da406574c8f4d58ba609065af2
      size: 863893
    - path: models/track_ids.npy
      hash: md5
      md5: 4a52e4cb6bae6b0126c1344dac7c7686
      size: 640058
    - path: models/transformer.joblib
      hash: md5
      md5: 3f9f17cfa36ff92d49f3d0558f6dcebb
      size: 142717
  content_sys:
    cmd: hrs_env/bin/python src/features/content_sys.py
    deps:
    - path: data/processed
      hash: md5
      md5: d154f37dc3fa86579a207c753fd39a1d.dir
      size: 58792193
      nfiles: 5
    - path: src/features/content_sys.py
      hash: md5
      md5: 3d70ec5e184d3c4b72c399968da652b2
      size: 2157
    outs:
    - path: .dvc_markers/stage_content.done
      hash: md5
      md5: d41d8cd98f00b204e9800998ecf8427e
      size: 0
  collaborative_sys:
    cmd: hrs_env/bin/python src/features/collaborative_sys.py
    deps:
    - path: data/processed
      hash: md5
      md5: d154f37dc3fa86579a207c753fd39a1d.dir
      size: 58792193
      nfiles: 5
    - path: src/features/collaborative_sys.py
      hash: md5
      md5: 78b6fea3eee6bd969174590932c2addc
      size: 2788
    outs:
    - path: .dvc_markers/stage_collab.done
      hash: md5
      md5: d41d8cd98f00b204e9800998ecf8427e
      size: 0
  hybrid_sys:
    cmd: hrs_env/bin/python src/features/hybrid_sys.py
    deps:
    - path: .dvc_markers/stage_collab.done
      hash: md5
      md5: d41d8cd98f00b204e9800998ecf8427e
      size: 0
    - path: .dvc_markers/stage_content.done
      hash: md5
      md5: d41d8cd98f00b204e9800998ecf8427e
      size: 0
    - path: src/features/collaborative_sys.py
      hash: md5
      md5: 78b6fea3eee6bd969174590932c2addc
      size: 2788
    - path: src/features/content_sys.py
      hash: md5
      md5: 3d70ec5e184d3c4b72c399968da652b2
      size: 2157
    - path: src/features/hybrid_sys.py
      hash: md5
      md5: c286c8615d1c67b4be82325d00cd8496
      size: 6140
